
Microsoft Visual Studio Solution File, Format Version 12.00
# Visual Studio Version 16
VisualStudioVersion = 16.0.31410.357
MinimumVisualStudioVersion = 10.0.40219.1
Project("{8BC9CEB8-8B4A-11D0-8D11-00A0C91BC942}") = "FilenameConvert", "FilenameConvert.vcxproj", "{BDBEAEA7-EE92-36F9-A851-9B2E18D5B482}"
EndProject
Global
	GlobalSection(SolutionConfigurationPlatforms) = preSolution
		Debug|x64 = Debug|x64
		Release|x64 = Release|x64
	EndGlobalSection
	GlobalSection(ProjectConfigurationPlatforms) = postSolution
		{BDBEAEA7-EE92-36F9-A851-9B2E18D5B482}.Debug|x64.ActiveCfg = Debug|x64
		{BDBEAEA7-EE92-36F9-A851-9B2E18D5B482}.Debug|x64.Build.0 = Debug|x64
		{BDBEAEA7-EE92-36F9-A851-9B2E18D5B482}.Release|x64.ActiveCfg = Release|x64
		{BDBEAEA7-EE92-36F9-A851-9B2E18D5B482}.Release|x64.Build.0 = Release|x64
	EndGlobalSection
	GlobalSection(SolutionProperties) = preSolution
		HideSolutionNode = FALSE
	EndGlobalSection
	GlobalSection(ExtensibilityGlobals) = postSolution
		SolutionGuid = {C6BDCB75-D396-4ABA-B81A-FA557DBAF020}
	EndGlobalSection
EndGlobal
